// !$*UTF8*$!
{
	archiveVersion = 1;
	classes = {
	};
	objectVersion = 46;
	objects = {

/* Begin PBXBuildFile section */
		A395476F1AE8CFDC00D9B21A /* main.m in Sources */ = {isa = PBXBuildFile; fileRef = A395476E1AE8CFDC00D9B21A /* main.m */; };
		A39547721AE8CFDC00D9B21A /* AppDelegate.m in Sources */ = {isa = PBXBuildFile; fileRef = A39547711AE8CFDC00D9B21A /* AppDelegate.m */; };
		A39547751AE8CFDC00D9B21A /* ViewController.m in Sources */ = {isa = PBXBuildFile; fileRef = A39547741AE8CFDC00D9B21A /* ViewController.m */; };
		A39547781AE8CFDC00D9B21A /* Main.storyboard in Resources */ = {isa = PBXBuildFile; fileRef = A39547761AE8CFDC00D9B21A /* Main.storyboard */; };
		A395477A1AE8CFDC00D9B21A /* Images.xcassets in Resources */ = {isa = PBXBuildFile; fileRef = A39547791AE8CFDC00D9B21A /* Images.xcassets */; };
		A395477D1AE8CFDC00D9B21A /* LaunchScreen.xib in Resources */ = {isa = PBXBuildFile; fileRef = A395477B1AE8CFDC00D9B21A /* LaunchScreen.xib */; };
		A39547891AE8CFDC00D9B21A /* PSOAuthClientTests.m in Sources */ = {isa = PBXBuildFile; fileRef = A39547881AE8CFDC00D9B21A /* PSOAuthClientTests.m */; };
/* End PBXBuildFile section */

/* Begin PBXContainerItemProxy section */
		A39547831AE8CFDC00D9B21A /* PBXContainerItemProxy */ = {
			isa = PBXContainerItemProxy;
			containerPortal = A39547611AE8CFDC00D9B21A /* Project object */;
			proxyType = 1;
			remoteGlobalIDString = A39547681AE8CFDC00D9B21A;
			remoteInfo = PSOAuthClient;
		};
/* End PBXContainerItemProxy section */

/* Begin PBXFileReference section */
		A39547691AE8CFDC00D9B21A /* PSOAuthClient.app */ = {isa = PBXFileReference; explicitFileType = wrapper.application; includeInIndex = 0; path = PSOAuthClient.app; sourceTree = BUILT_PRODUCTS_DIR; };
		A395476D1AE8CFDC00D9B21A /* Info.plist */ = {isa = PBXFileReference; lastKnownFileType = text.plist.xml; path = Info.plist; sourceTree = "<group>"; };
		A395476E1AE8CFDC00D9B21A /* main.m */ = {isa = PBXFileReference; lastKnownFileType = sourcecode.c.objc; path = main.m; sourceTree = "<group>"; };
		A39547701AE8CFDC00D9B21A /* AppDelegate.h */ = {isa = PBXFileReference; lastKnownFileType = sourcecode.c.h; path = AppDelegate.h; sourceTree = "<group>"; };
		A39547711AE8CFDC00D9B21A /* AppDelegate.m */ = {isa = PBXFileReference; lastKnownFileType = sourcecode.c.objc; path = AppDelegate.m; sourceTree = "<group>"; };
		A39547731AE8CFDC00D9B21A /* ViewController.h */ = {isa = PBXFileReference; lastKnownFileType = sourcecode.c.h; path = ViewController.h; sourceTree = "<group>"; };
		A39547741AE8CFDC00D9B21A /* ViewController.m */ = {isa = PBXFileReference; lastKnownFileType = sourcecode.c.objc; path = ViewController.m; sourceTree = "<group>"; };
		A39547771AE8CFDC00D9B21A /* Base */ = {isa = PBXFileReference; lastKnownFileType = file.storyboard; name = Base; path = Base.lproj/Main.storyboard; sourceTree = "<group>"; };
		A39547791AE8CFDC00D9B21A /* Images.xcassets */ = {isa = PBXFileReference; lastKnownFileType = folder.assetcatalog; path = Images.xcassets; sourceTree = "<group>"; };
		A395477C1AE8CFDC00D9B21A /* Base */ = {isa = PBXFileReference; lastKnownFileType = file.xib; name = Base; path = Base.lproj/LaunchScreen.xib; sourceTree = "<group>"; };
		A39547821AE8CFDC00D9B21A /* PSOAuthClientTests.xctest */ = {isa = PBXFileReference; explicitFileType = wrapper.cfbundle; includeInIndex = 0; path = PSOAuthClientTests.xctest; sourceTree = BUILT_PRODUCTS_DIR; };
		A39547871AE8CFDC00D9B21A /* Info.plist */ = {isa = PBXFileReference; lastKnownFileType = text.plist.xml; path = Info.plist; sourceTree = "<group>"; };
		A39547881AE8CFDC00D9B21A /* PSOAuthClientTests.m */ = {isa = PBXFileReference; lastKnownFileType = sourcecode.c.objc; path = PSOAuthClientTests.m; sourceTree = "<group>"; };
/* End PBXFileReference section */

/* Begin PBXFrameworksBuildPhase section */
		A39547661AE8CFDC00D9B21A /* Frameworks */ = {
			isa = PBXFrameworksBuildPhase;
			buildActionMask = 2147483647;
			files = (
			);
			runOnlyForDeploymentPostprocessing = 0;
		};
		A395477F1AE8CFDC00D9B21A /* Frameworks */ = {
			isa = PBXFrameworksBuildPhase;
			buildActionMask = 2147483647;
			files = (
			);
			runOnlyForDeploymentPostprocessing = 0;
		};
/* End PBXFrameworksBuildPhase section */

/* Begin PBXGroup section */
		A39547601AE8CFDC00D9B21A = {
			isa = PBXGroup;
			children = (
				A395476B1AE8CFDC00D9B21A /* PSOAuthClient */,
				A39547851AE8CFDC00D9B21A /* PSOAuthClientTests */,
				A395476A1AE8CFDC00D9B21A /* Products */,
			);
			sourceTree = "<group>";
		};
		A395476A1AE8CFDC00D9B21A /* Products */ = {
			isa = PBXGroup;
			children = (
				A39547691AE8CFDC00D9B21A /* PSOAuthClient.app */,
				A39547821AE8CFDC00D9B21A /* PSOAuthClientTests.xctest */,
			);
			name = Products;
			sourceTree = "<group>";
		};
		A395476B1AE8CFDC00D9B21A /* PSOAuthClient */ = {
			isa = PBXGroup;
			children = (
				A39547701AE8CFDC00D9B21A /* AppDelegate.h */,
				A39547711AE8CFDC00D9B21A /* AppDelegate.m */,
				A39547731AE8CFDC00D9B21A /* ViewController.h */,
				A39547741AE8CFDC00D9B21A /* ViewController.m */,
				A39547761AE8CFDC00D9B21A /* Main.storyboard */,
				A39547791AE8CFDC00D9B21A /* Images.xcassets */,
				A395477B1AE8CFDC00D9B21A /* LaunchScreen.xib */,
				A395476C1AE8CFDC00D9B21A /* Supporting Files */,
			);
			path = PSOAuthClient;
			sourceTree = "<group>";
		};
		A395476C1AE8CFDC00D9B21A /* Supporting Files */ = {
			isa = PBXGroup;
			children = (
				A395476D1AE8CFDC00D9B21A /* Info.plist */,
				A395476E1AE8CFDC00D9B21A /* main.m */,
			);
			name = "Supporting Files";
			sourceTree = "<group>";
		};
		A39547851AE8CFDC00D9B21A /* PSOAuthClientTests */ = {
			isa = PBXGroup;
			children = (
				A39547881AE8CFDC00D9B21A /* PSOAuthClientTests.m */,
				A39547861AE8CFDC00D9B21A /* Supporting Files */,
			);
			path = PSOAuthClientTests;
			sourceTree = "<group>";
		};
		A39547861AE8CFDC00D9B21A /* Supporting Files */ = {
			isa = PBXGroup;
			children = (
				A39547871AE8CFDC00D9B21A /* Info.plist */,
			);
			name = "Supporting Files";
			sourceTree = "<group>";
		};
/* End PBXGroup section */

/* Begin PBXNativeTarget section */
		A39547681AE8CFDC00D9B21A /* PSOAuthClient */ = {
			isa = PBXNativeTarget;
			buildConfigurationList = A395478C1AE8CFDC00D9B21A /* Build configuration list for PBXNativeTarget "PSOAuthClient" */;
			buildPhases = (
				A39547651AE8CFDC00D9B21A /* Sources */,
				A39547661AE8CFDC00D9B21A /* Frameworks */,
				A39547671AE8CFDC00D9B21A /* Resources */,
			);
			buildRules = (
			);
			dependencies = (
			);
			name = PSOAuthClient;
			productName = PSOAuthClient;
			productReference = A39547691AE8CFDC00D9B21A /* PSOAuthClient.app */;
			productType = "com.apple.product-type.application";
		};
		A39547811AE8CFDC00D9B21A /* PSOAuthClientTests */ = {
			isa = PBXNativeTarget;
			buildConfigurationList = A395478F1AE8CFDC00D9B21A /* Build configuration list for PBXNativeTarget "PSOAuthClientTests" */;
			buildPhases = (
				A395477E1AE8CFDC00D9B21A /* Sources */,
				A395477F1AE8CFDC00D9B21A /* Frameworks */,
				A39547801AE8CFDC00D9B21A /* Resources */,
			);
			buildRules = (
			);
			dependencies = (
				A39547841AE8CFDC00D9B21A /* PBXTargetDependency */,
			);
			name = PSOAuthClientTests;
			productName = PSOAuthClientTests;
			productReference = A39547821AE8CFDC00D9B21A /* PSOAuthClientTests.xctest */;
			productType = "com.apple.product-type.bundle.unit-test";
		};
/* End PBXNativeTarget section */

/* Begin PBXProject section */
		A39547611AE8CFDC00D9B21A /* Project object */ = {
			isa = PBXProject;
			attributes = {
				LastUpgradeCheck = 0630;
				ORGANIZATIONNAME = "Prince Shekhar Valluri";
				TargetAttributes = {
					A39547681AE8CFDC00D9B21A = {
						CreatedOnToolsVersion = 6.3;
					};
					A39547811AE8CFDC00D9B21A = {
						CreatedOnToolsVersion = 6.3;
						TestTargetID = A39547681AE8CFDC00D9B21A;
					};
				};
			};
			buildConfigurationList = A39547641AE8CFDC00D9B21A /* Build configuration list for PBXProject "PSOAuthClient" */;
			compatibilityVersion = "Xcode 3.2";
			developmentRegion = English;
			hasScannedForEncodings = 0;
			knownRegions = (
				en,
				Base,
			);
			mainGroup = A39547601AE8CFDC00D9B21A;
			productRefGroup = A395476A1AE8CFDC00D9B21A /* Products */;
			projectDirPath = "";
			projectRoot = "";
			targets = (
				A39547681AE8CFDC00D9B21A /* PSOAuthClient */,
				A39547811AE8CFDC00D9B21A /* PSOAuthClientTests */,
			);
		};
/* End PBXProject section */

/* Begin PBXResourcesBuildPhase section */
		A39547671AE8CFDC00D9B21A /* Resources */ = {
			isa = PBXResourcesBuildPhase;
			buildActionMask = 2147483647;
			files = (
				A39547781AE8CFDC00D9B21A /* Main.storyboard in Resources */,
				A395477D1AE8CFDC00D9B21A /* LaunchScreen.xib in Resources */,
				A395477A1AE8CFDC00D9B21A /* Images.xcassets in Resources */,
			);
			runOnlyForDeploymentPostprocessing = 0;
		};
		A39547801AE8CFDC00D9B21A /* Resources */ = {
			isa = PBXResourcesBuildPhase;
			buildActionMask = 2147483647;
			files = (
			);
			runOnlyForDeploymentPostprocessing = 0;
		};
/* End PBXResourcesBuildPhase section */

/* Begin PBXSourcesBuildPhase section */
		A39547651AE8CFDC00D9B21A /* Sources */ = {
			isa = PBXSourcesBuildPhase;
			buildActionMask = 2147483647;
			files = (
				A39547751AE8CFDC00D9B21A /* ViewController.m in Sources */,
				A39547721AE8CFDC00D9B21A /* AppDelegate.m in Sources */,
				A395476F1AE8CFDC00D9B21A /* main.m in Sources */,
			);
			runOnlyForDeploymentPostprocessing = 0;
		};
		A395477E1AE8CFDC00D9B21A /* Sources */ = {
			isa = PBXSourcesBuildPhase;
			buildActionMask = 2147483647;
			files = (
				A39547891AE8CFDC00D9B21A /* PSOAuthClientTests.m in Sources */,
			);
			runOnlyForDeploymentPostprocessing = 0;
		};
/* End PBXSourcesBuildPhase section */

/* Begin PBXTargetDependency section */
		A39547841AE8CFDC00D9B21A /* PBXTargetDependency */ = {
			isa = PBXTargetDependency;
			target = A39547681AE8CFDC00D9B21A /* PSOAuthClient */;
			targetProxy = A39547831AE8CFDC00D9B21A /* PBXContainerItemProxy */;
		};
/* End PBXTargetDependency section */

/* Begin PBXVariantGroup section */
		A39547761AE8CFDC00D9B21A /* Main.storyboard */ = {
			isa = PBXVariantGroup;
			children = (
				A39547771AE8CFDC00D9B21A /* Base */,
			);
			name = Main.storyboard;
			sourceTree = "<group>";
		};
		A395477B1AE8CFDC00D9B21A /* LaunchScreen.xib */ = {
			isa = PBXVariantGroup;
			children = (
				A395477C1AE8CFDC00D9B21A /* Base */,
			);
			name = LaunchScreen.xib;
			sourceTree = "<group>";
		};
/* End PBXVariantGroup section */

/* Begin XCBuildConfiguration section */
		A395478A1AE8CFDC00D9B21A /* Debug */ = {
			isa = XCBuildConfiguration;
			buildSettings = {
				ALWAYS_SEARCH_USER_PATHS = NO;
				CLANG_CXX_LANGUAGE_STANDARD = "gnu++0x";
				CLANG_CXX_LIBRARY = "libc++";
				CLANG_ENABLE_MODULES = YES;
				CLANG_ENABLE_OBJC_ARC = YES;
				CLANG_WARN_BOOL_CONVERSION = YES;
				CLANG_WARN_CONSTANT_CONVERSION = YES;
				CLANG_WARN_DIRECT_OBJC_ISA_USAGE = YES_ERROR;
				CLANG_WARN_EMPTY_BODY = YES;
				CLANG_WARN_ENUM_CONVERSION = YES;
				CLANG_WARN_INT_CONVERSION = YES;
				CLANG_WARN_OBJC_ROOT_CLASS = YES_ERROR;
				CLANG_WARN_UNREACHABLE_CODE = YES;
				CLANG_WARN__DUPLICATE_METHOD_MATCH = YES;
				"CODE_SIGN_IDENTITY[sdk=iphoneos*]" = "iPhone Developer";
				COPY_PHASE_STRIP = NO;
				DEBUG_INFORMATION_FORMAT = "dwarf-with-dsym";
				ENABLE_STRICT_OBJC_MSGSEND = YES;
				GCC_C_LANGUAGE_STANDARD = gnu99;
				GCC_DYNAMIC_NO_PIC = NO;
				GCC_NO_COMMON_BLOCKS = YES;
				GCC_OPTIMIZATION_LEVEL = 0;
				GCC_PREPROCESSOR_DEFINITIONS = (
					"DEBUG=1",
					"$(inherited)",
				);
				GCC_SYMBOLS_PRIVATE_EXTERN = NO;
				GCC_WARN_64_TO_32_BIT_CONVERSION = YES;
				GCC_WARN_ABOUT_RETURN_TYPE = YES_ERROR;
				GCC_WARN_UNDECLARED_SELECTOR = YES;
				GCC_WARN_UNINITIALIZED_AUTOS = YES_AGGRESSIVE;
				GCC_WARN_UNUSED_FUNCTION = YES;
				GCC_WARN_UNUSED_VARIABLE = YES;
				IPHONEOS_DEPLOYMENT_TARGET = 8.3;
				MTL_ENABLE_DEBUG_INFO = YES;
				ONLY_ACTIVE_ARCH = YES;
				SDKROOT = iphoneos;
			};
			name = Debug;
		};
		A395478B1AE8CFDC00D9B21A /* Release */ = {
			isa = XCBuildConfiguration;
			buildSettings = {
				ALWAYS_SEARCH_USER_PATHS = NO;
				CLANG_CXX_LANGUAGE_STANDARD = "gnu++0x";
				CLANG_CXX_LIBRARY = "libc++";
				CLANG_ENABLE_MODULES = YES;
				CLANG_ENABLE_OBJC_ARC = YES;
				CLANG_WARN_BOOL_CONVERSION = YES;
				CLANG_WARN_CONSTANT_CONVERSION = YES;
				CLANG_WARN_DIRECT_OBJC_ISA_USAGE = YES_ERROR;
				CLANG_WARN_EMPTY_BODY = YES;
				CLANG_WARN_ENUM_CONVERSION = YES;
				CLANG_WARN_INT_CONVERSION = YES;
				CLANG_WARN_OBJC_ROOT_CLASS = YES_ERROR;
				CLANG_WARN_UNREACHABLE_CODE = YES;
				CLANG_WARN__DUPLICATE_METHOD_MATCH = YES;
				"CODE_SIGN_IDENTITY[sdk=iphoneos*]" = "iPhone Developer";
				COPY_PHASE_STRIP = NO;
				DEBUG_INFORMATION_FORMAT = "dwarf-with-dsym";
				ENABLE_NS_ASSERTIONS = NO;
				ENABLE_STRICT_OBJC_MSGSEND = YES;
				GCC_C_LANGUAGE_STANDARD = gnu99;
				GCC_NO_COMMON_BLOCKS = YES;
				GCC_WARN_64_TO_32_BIT_CONVERSION = YES;
				GCC_WARN_ABOUT_RETURN_TYPE = YES_ERROR;
				GCC_WARN_UNDECLARED_SELECTOR = YES;
				GCC_WARN_UNINITIALIZED_AUTOS = YES_AGGRESSIVE;
				GCC_WARN_UNUSED_FUNCTION = YES;
				GCC_WARN_UNUSED_VARIABLE = YES;
				IPHONEOS_DEPLOYMENT_TARGET = 8.3;
				MTL_ENABLE_DEBUG_INFO = NO;
				SDKROOT = iphoneos;
				VALIDATE_PRODUCT = YES;
			};
			name = Release;
		};
		A395478D1AE8CFDC00D9B21A /* Debug */ = {
			isa = XCBuildConfiguration;
			buildSettings = {
				ASSETCATALOG_COMPILER_APPICON_NAME = AppIcon;
				INFOPLIST_FILE = PSOAuthClient/Info.plist;
				LD_RUNPATH_SEARCH_PATHS = "$(inherited) @executable_path/Frameworks";
				PRODUCT_NAME = "$(TARGET_NAME)";
			};
			name = Debug;
		};
		A395478E1AE8CFDC00D9B21A /* Release */ = {
			isa = XCBuildConfiguration;
			buildSettings = {
				ASSETCATALOG_COMPILER_APPICON_NAME = AppIcon;
				INFOPLIST_FILE = PSOAuthClient/Info.plist;
				LD_RUNPATH_SEARCH_PATHS = "$(inherited) @executable_path/Frameworks";
				PRODUCT_NAME = "$(TARGET_NAME)";
			};
			name = Release;
		};
		A39547901AE8CFDC00D9B21A /* Debug */ = {
			isa = XCBuildConfiguration;
			buildSettings = {
				BUNDLE_LOADER = "$(TEST_HOST)";
				FRAMEWORK_SEARCH_PATHS = (
					"$(SDKROOT)/Developer/Library/Frameworks",
					"$(inherited)",
				);
				GCC_PREPROCESSOR_DEFINITIONS = (
					"DEBUG=1",
					"$(inherited)",
				);
				INFOPLIST_FILE = PSOAuthClientTests/Info.plist;
				LD_RUNPATH_SEARCH_PATHS = "$(inherited) @executable_path/Frameworks @loader_path/Frameworks";
				PRODUCT_NAME = "$(TARGET_NAME)";
				TEST_HOST = "$(BUILT_PRODUCTS_DIR)/PSOAuthClient.app/PSOAuthClient";
			};
			name = Debug;
		};
		A39547911AE8CFDC00D9B21A /* Release */ = {
			isa = XCBuildConfiguration;
			buildSettings = {
				BUNDLE_LOADER = "$(TEST_HOST)";
				FRAMEWORK_SEARCH_PATHS = (
					"$(SDKROOT)/Developer/Library/Frameworks",
					"$(inherited)",
				);
				INFOPLIST_FILE = PSOAuthClientTests/Info.plist;
				LD_RUNPATH_SEARCH_PATHS = "$(inherited) @executable_path/Frameworks @loader_path/Frameworks";
				PRODUCT_NAME = "$(TARGET_NAME)";
				TEST_HOST = "$(BUILT_PRODUCTS_DIR)/PSOAuthClient.app/PSOAuthClient";
			};
			name = Release;
		};
/* End XCBuildConfiguration section */

/* Begin XCConfigurationList section */
		A39547641AE8CFDC00D9B21A /* Build configuration list for PBXProject "PSOAuthClient" */ = {
			isa = XCConfigurationList;
			buildConfigurations = (
				A395478A1AE8CFDC00D9B21A /* Debug */,
				A395478B1AE8CFDC00D9B21A /* Release */,
			);
			defaultConfigurationIsVisible = 0;
			defaultConfigurationName = Release;
		};
		A395478C1AE8CFDC00D9B21A /* Build configuration list for PBXNativeTarget "PSOAuthClient" */ = {
			isa = XCConfigurationList;
			buildConfigurations = (
				A395478D1AE8CFDC00D9B21A /* Debug */,
				A395478E1AE8CFDC00D9B21A /* Release */,
			);
			defaultConfigurationIsVisible = 0;
		};
		A395478F1AE8CFDC00D9B21A /* Build configuration list for PBXNativeTarget "PSOAuthClientTests" */ = {
			isa = XCConfigurationList;
			buildConfigurations = (
				A39547901AE8CFDC00D9B21A /* Debug */,
				A39547911AE8CFDC00D9B21A /* Release */,
			);
			defaultConfigurationIsVisible = 0;
		};
/* End XCConfigurationList section */
	};
	rootObject = A39547611AE8CFDC00D9B21A /* Project object */;
}
